{
  "pins" : [
    {
      "identity" : "bodega",
      "kind" : "remoteSourceControl",
      "location" : "https://github.com/mergesort/Bodega",
      "state" : {
        "revision" : "6cd07e1fc462741bb250d0491941eb51740df862",
        "version" : "0.10.0"
      }
    },
    {
      "identity" : "boutique",
      "kind" : "remoteSourceControl",
      "location" : "https://github.com/mergesort/boutique",
      "state" : {
        "branch" : "main",
        "revision" : "b2fde734b45afd3a78ecbfb79d17eb0214b7861b"
      }
    }
  ],
  "version" : 2
}
