{
  "pins" : [
    {
      "identity" : "bodega",
      "kind" : "remoteSourceControl",
      "location" : "https://github.com/mergesort/Bodega",
      "state" : {
        "revision" : "29966bf638714c1fbe0c734e259b3d5dfda58d6b",
        "version" : "1.0.1"
      }
    },
    {
      "identity" : "boutique",
      "kind" : "remoteSourceControl",
      "location" : "https://github.com/mergesort/boutique",
      "state" : {
        "revision" : "bb6fa56ab625ba9dd1e5162cfdb31b8791f5b1fe",
        "version" : "1.0.2"
      }
    },
    {
      "identity" : "swift-collections",
      "kind" : "remoteSourceControl",
      "location" : "https://github.com/apple/swift-collections",
      "state" : {
        "revision" : "48254824bb4248676bf7ce56014ff57b142b77eb",
        "version" : "1.0.2"
      }
    }
  ],
  "version" : 2
}
