{
  "pins" : [
    {
      "identity" : "bodega",
      "kind" : "remoteSourceControl",
      "location" : "https://github.com/mergesort/Bodega",
      "state" : {
        "revision" : "740774bdb9605fafcad519cc3d29c36795bb1fe3",
        "version" : "1.0.0"
      }
    },
    {
      "identity" : "boutique",
      "kind" : "remoteSourceControl",
      "location" : "https://github.com/mergesort/boutique",
      "state" : {
        "branch" : "main",
        "revision" : "74133cc6d6486b6e5df001a8537af14d5c93adc6"
      }
    }
  ],
  "version" : 2
}
